
Microsoft Visual Studio Solution File, Format Version 12.00
# Visual Studio Version 17
VisualStudioVersion = 17.13.35931.197 d17.13
MinimumVisualStudioVersion = 10.0.40219.1
Project("{FAE04EC0-301F-11D3-BF4B-00C04F79EFBC}") = "SyncListMicroSIP", "SyncListMicroSIP\SyncListMicroSIP.csproj", "{A029DA3B-A33C-436B-8BB9-1091531D83AA}"
EndProject
Global
	GlobalSection(SolutionConfigurationPlatforms) = preSolution
		Debug|Any CPU = Debug|Any CPU
		Release|Any CPU = Release|Any CPU
	EndGlobalSection
	GlobalSection(ProjectConfigurationPlatforms) = postSolution
		{A029DA3B-A33C-436B-8BB9-1091531D83AA}.Debug|Any CPU.ActiveCfg = Debug|Any CPU
		{A029DA3B-A33C-436B-8BB9-1091531D83AA}.Debug|Any CPU.Build.0 = Debug|Any CPU
		{A029DA3B-A33C-436B-8BB9-1091531D83AA}.Release|Any CPU.ActiveCfg = Release|Any CPU
		{A029DA3B-A33C-436B-8BB9-1091531D83AA}.Release|Any CPU.Build.0 = Release|Any CPU
	EndGlobalSection
	GlobalSection(SolutionProperties) = preSolution
		HideSolutionNode = FALSE
	EndGlobalSection
	GlobalSection(ExtensibilityGlobals) = postSolution
		SolutionGuid = {6173F5C7-BC7C-4068-9917-DCE564267DFB}
	EndGlobalSection
EndGlobal
